DEPENDENCIES
  garcon
    path: .
    metadata: true
  test_fixtures
    path: test/fixtures/cookbooks/test_fixtures

GRAPH
  chef_handler (1.1.6)
  garcon (1.1.1)
    chef_handler (>= 0.0.0)
    serf (>= 0.0.0)
    yum (>= 0.0.0)
    yum-epel (>= 0.0.0)
  serf (0.8.0)
  test_fixtures (0.1.0)
    chef_handler (>= 0.0.0)
    garcon (>= 0.0.0)
  yum (3.5.3)
  yum-epel (0.6.0)
    yum (~> 3.0)
